
Microsoft Visual Studio Solution File, Format Version 12.00
# Visual Studio 2012
Project("{FAE04EC0-301F-11D3-BF4B-00C04F79EFBC}") = "GmailEmailProblem.API", "GmailEmailProblem.API\GmailEmailProblem.API.csproj", "{5D475C9A-D398-4A62-B61B-51C4C13E312C}"
EndProject
Global
	GlobalSection(SolutionConfigurationPlatforms) = preSolution
		Debug|Any CPU = Debug|Any CPU
		Release|Any CPU = Release|Any CPU
	EndGlobalSection
	GlobalSection(ProjectConfigurationPlatforms) = postSolution
		{5D475C9A-D398-4A62-B61B-51C4C13E312C}.Debug|Any CPU.ActiveCfg = Debug|Any CPU
		{5D475C9A-D398-4A62-B61B-51C4C13E312C}.Debug|Any CPU.Build.0 = Debug|Any CPU
		{5D475C9A-D398-4A62-B61B-51C4C13E312C}.Release|Any CPU.ActiveCfg = Release|Any CPU
		{5D475C9A-D398-4A62-B61B-51C4C13E312C}.Release|Any CPU.Build.0 = Release|Any CPU
	EndGlobalSection
EndGlobal
